
Microsoft Visual Studio Solution File, Format Version 12.00
# Visual Studio 15
VisualStudioVersion = 15.0.27130.2036
MinimumVisualStudioVersion = 10.0.40219.1
Project("{FAE04EC0-301F-11D3-BF4B-00C04F79EFBC}") = "TP11", "TP11\TP11.csproj", "{24D558E0-5FD7-46C7-9DDF-0F0973455D2A}"
EndProject
Project("{FAE04EC0-301F-11D3-BF4B-00C04F79EFBC}") = "TP10", "..\TP10\TP10.csproj", "{AE570D99-03E3-4104-96B1-5C925A77520D}"
EndProject
Global
	GlobalSection(SolutionConfigurationPlatforms) = preSolution
		Debug|Any CPU = Debug|Any CPU
		Release|Any CPU = Release|Any CPU
	EndGlobalSection
	GlobalSection(ProjectConfigurationPlatforms) = postSolution
		{24D558E0-5FD7-46C7-9DDF-0F0973455D2A}.Debug|Any CPU.ActiveCfg = Debug|Any CPU
		{24D558E0-5FD7-46C7-9DDF-0F0973455D2A}.Debug|Any CPU.Build.0 = Debug|Any CPU
		{24D558E0-5FD7-46C7-9DDF-0F0973455D2A}.Release|Any CPU.ActiveCfg = Release|Any CPU
		{24D558E0-5FD7-46C7-9DDF-0F0973455D2A}.Release|Any CPU.Build.0 = Release|Any CPU
		{AE570D99-03E3-4104-96B1-5C925A77520D}.Debug|Any CPU.ActiveCfg = Debug|Any CPU
		{AE570D99-03E3-4104-96B1-5C925A77520D}.Debug|Any CPU.Build.0 = Debug|Any CPU
		{AE570D99-03E3-4104-96B1-5C925A77520D}.Release|Any CPU.ActiveCfg = Release|Any CPU
		{AE570D99-03E3-4104-96B1-5C925A77520D}.Release|Any CPU.Build.0 = Release|Any CPU
	EndGlobalSection
	GlobalSection(SolutionProperties) = preSolution
		HideSolutionNode = FALSE
	EndGlobalSection
	GlobalSection(ExtensibilityGlobals) = postSolution
		SolutionGuid = {5331B318-F988-4EE1-9A4A-277791B129F8}
	EndGlobalSection
EndGlobal
